# THIS IS AN AUTOGENERATED FILE. DO NOT EDIT THIS FILE DIRECTLY.
# yarn lockfile v1


"@esbuild/aix-ppc64@0.21.5":
  version "0.21.5"
  resolved "https://registry.yarnpkg.com/@esbuild/aix-ppc64/-/aix-ppc64-0.21.5.tgz#c7184a326533fcdf1b8ee0733e21c713b975575f"
  integrity sha512-1SDgH6ZSPTlggy1yI6+Dbkiz8xzpHJEVAlF/AM1tHPLsf5STom9rwtjE4hKAF20FfXXNTFqEYXyJNWh1GiZedQ==

"@esbuild/android-arm64@0.21.5":
  version "0.21.5"
  resolved "https://registry.yarnpkg.com/@esbuild/android-arm64/-/android-arm64-0.21.5.tgz#09d9b4357780da9ea3a7dfb833a1f1ff439b4052"
  integrity sha512-c0uX9VAUBQ7dTDCjq+wdyGLowMdtR/GoC2U5IYk/7D1H1JYC0qseD7+11iMP2mRLN9RcCMRcjC4YMclCzGwS/A==

"@esbuild/android-arm@0.21.5":
  version "0.21.5"
  resolved "https://registry.yarnpkg.com/@esbuild/android-arm/-/android-arm-0.21.5.tgz#9b04384fb771926dfa6d7ad04324ecb2ab9b2e28"
  integrity sha512-vCPvzSjpPHEi1siZdlvAlsPxXl7WbOVUBBAowWug4rJHb68Ox8KualB+1ocNvT5fjv6wpkX6o/iEpbDrf68zcg==

"@esbuild/android-x64@0.21.5":
  version "0.21.5"
  resolved "https://registry.yarnpkg.com/@esbuild/android-x64/-/android-x64-0.21.5.tgz#29918ec2db754cedcb6c1b04de8cd6547af6461e"
  integrity sha512-D7aPRUUNHRBwHxzxRvp856rjUHRFW1SdQATKXH2hqA0kAZb1hKmi02OpYRacl0TxIGz/ZmXWlbZgjwWYaCakTA==

"@esbuild/darwin-arm64@0.21.5":
  version "0.21.5"
  resolved "https://registry.yarnpkg.com/@esbuild/darwin-arm64/-/darwin-arm64-0.21.5.tgz#e495b539660e51690f3928af50a76fb0a6ccff2a"
  integrity sha512-DwqXqZyuk5AiWWf3UfLiRDJ5EDd49zg6O9wclZ7kUMv2WRFr4HKjXp/5t8JZ11QbQfUS6/cRCKGwYhtNAY88kQ==

"@esbuild/darwin-x64@0.21.5":
  version "0.21.5"
  resolved "https://registry.yarnpkg.com/@esbuild/darwin-x64/-/darwin-x64-0.21.5.tgz#c13838fa57372839abdddc91d71542ceea2e1e22"
  integrity sha512-se/JjF8NlmKVG4kNIuyWMV/22ZaerB+qaSi5MdrXtd6R08kvs2qCN4C09miupktDitvh8jRFflwGFBQcxZRjbw==

"@esbuild/freebsd-arm64@0.21.5":
  version "0.21.5"
  resolved "https://registry.yarnpkg.com/@esbuild/freebsd-arm64/-/freebsd-arm64-0.21.5.tgz#646b989aa20bf89fd071dd5dbfad69a3542e550e"
  integrity sha512-5JcRxxRDUJLX8JXp/wcBCy3pENnCgBR9bN6JsY4OmhfUtIHe3ZW0mawA7+RDAcMLrMIZaf03NlQiX9DGyB8h4g==

"@esbuild/freebsd-x64@0.21.5":
  version "0.21.5"
  resolved "https://registry.yarnpkg.com/@esbuild/freebsd-x64/-/freebsd-x64-0.21.5.tgz#aa615cfc80af954d3458906e38ca22c18cf5c261"
  integrity sha512-J95kNBj1zkbMXtHVH29bBriQygMXqoVQOQYA+ISs0/2l3T9/kj42ow2mpqerRBxDJnmkUDCaQT/dfNXWX/ZZCQ==

"@esbuild/linux-arm64@0.21.5":
  version "0.21.5"
  resolved "https://registry.yarnpkg.com/@esbuild/linux-arm64/-/linux-arm64-0.21.5.tgz#70ac6fa14f5cb7e1f7f887bcffb680ad09922b5b"
  integrity sha512-ibKvmyYzKsBeX8d8I7MH/TMfWDXBF3db4qM6sy+7re0YXya+K1cem3on9XgdT2EQGMu4hQyZhan7TeQ8XkGp4Q==

"@esbuild/linux-arm@0.21.5":
  version "0.21.5"
  resolved "https://registry.yarnpkg.com/@esbuild/linux-arm/-/linux-arm-0.21.5.tgz#fc6fd11a8aca56c1f6f3894f2bea0479f8f626b9"
  integrity sha512-bPb5AHZtbeNGjCKVZ9UGqGwo8EUu4cLq68E95A53KlxAPRmUyYv2D6F0uUI65XisGOL1hBP5mTronbgo+0bFcA==

"@esbuild/linux-ia32@0.21.5":
  version "0.21.5"
  resolved "https://registry.yarnpkg.com/@esbuild/linux-ia32/-/linux-ia32-0.21.5.tgz#3271f53b3f93e3d093d518d1649d6d68d346ede2"
  integrity sha512-YvjXDqLRqPDl2dvRODYmmhz4rPeVKYvppfGYKSNGdyZkA01046pLWyRKKI3ax8fbJoK5QbxblURkwK/MWY18Tg==

"@esbuild/linux-loong64@0.21.5":
  version "0.21.5"
  resolved "https://registry.yarnpkg.com/@esbuild/linux-loong64/-/linux-loong64-0.21.5.tgz#ed62e04238c57026aea831c5a130b73c0f9f26df"
  integrity sha512-uHf1BmMG8qEvzdrzAqg2SIG/02+4/DHB6a9Kbya0XDvwDEKCoC8ZRWI5JJvNdUjtciBGFQ5PuBlpEOXQj+JQSg==

"@esbuild/linux-mips64el@0.21.5":
  version "0.21.5"
  resolved "https://registry.yarnpkg.com/@esbuild/linux-mips64el/-/linux-mips64el-0.21.5.tgz#e79b8eb48bf3b106fadec1ac8240fb97b4e64cbe"
  integrity sha512-IajOmO+KJK23bj52dFSNCMsz1QP1DqM6cwLUv3W1QwyxkyIWecfafnI555fvSGqEKwjMXVLokcV5ygHW5b3Jbg==

"@esbuild/linux-ppc64@0.21.5":
  version "0.21.5"
  resolved "https://registry.yarnpkg.com/@esbuild/linux-ppc64/-/linux-ppc64-0.21.5.tgz#5f2203860a143b9919d383ef7573521fb154c3e4"
  integrity sha512-1hHV/Z4OEfMwpLO8rp7CvlhBDnjsC3CttJXIhBi+5Aj5r+MBvy4egg7wCbe//hSsT+RvDAG7s81tAvpL2XAE4w==

"@esbuild/linux-riscv64@0.21.5":
  version "0.21.5"
  resolved "https://registry.yarnpkg.com/@esbuild/linux-riscv64/-/linux-riscv64-0.21.5.tgz#07bcafd99322d5af62f618cb9e6a9b7f4bb825dc"
  integrity sha512-2HdXDMd9GMgTGrPWnJzP2ALSokE/0O5HhTUvWIbD3YdjME8JwvSCnNGBnTThKGEB91OZhzrJ4qIIxk/SBmyDDA==

"@esbuild/linux-s390x@0.21.5":
  version "0.21.5"
  resolved "https://registry.yarnpkg.com/@esbuild/linux-s390x/-/linux-s390x-0.21.5.tgz#b7ccf686751d6a3e44b8627ababc8be3ef62d8de"
  integrity sha512-zus5sxzqBJD3eXxwvjN1yQkRepANgxE9lgOW2qLnmr8ikMTphkjgXu1HR01K4FJg8h1kEEDAqDcZQtbrRnB41A==

"@esbuild/linux-x64@0.21.5":
  version "0.21.5"
  resolved "https://registry.yarnpkg.com/@esbuild/linux-x64/-/linux-x64-0.21.5.tgz#6d8f0c768e070e64309af8004bb94e68ab2bb3b0"
  integrity sha512-1rYdTpyv03iycF1+BhzrzQJCdOuAOtaqHTWJZCWvijKD2N5Xu0TtVC8/+1faWqcP9iBCWOmjmhoH94dH82BxPQ==

"@esbuild/netbsd-x64@0.21.5":
  version "0.21.5"
  resolved "https://registry.yarnpkg.com/@esbuild/netbsd-x64/-/netbsd-x64-0.21.5.tgz#bbe430f60d378ecb88decb219c602667387a6047"
  integrity sha512-Woi2MXzXjMULccIwMnLciyZH4nCIMpWQAs049KEeMvOcNADVxo0UBIQPfSmxB3CWKedngg7sWZdLvLczpe0tLg==

"@esbuild/openbsd-x64@0.21.5":
  version "0.21.5"
  resolved "https://registry.yarnpkg.com/@esbuild/openbsd-x64/-/openbsd-x64-0.21.5.tgz#99d1cf2937279560d2104821f5ccce220cb2af70"
  integrity sha512-HLNNw99xsvx12lFBUwoT8EVCsSvRNDVxNpjZ7bPn947b8gJPzeHWyNVhFsaerc0n3TsbOINvRP2byTZ5LKezow==

"@esbuild/sunos-x64@0.21.5":
  version "0.21.5"
  resolved "https://registry.yarnpkg.com/@esbuild/sunos-x64/-/sunos-x64-0.21.5.tgz#08741512c10d529566baba837b4fe052c8f3487b"
  integrity sha512-6+gjmFpfy0BHU5Tpptkuh8+uw3mnrvgs+dSPQXQOv3ekbordwnzTVEb4qnIvQcYXq6gzkyTnoZ9dZG+D4garKg==

"@esbuild/win32-arm64@0.21.5":
  version "0.21.5"
  resolved "https://registry.yarnpkg.com/@esbuild/win32-arm64/-/win32-arm64-0.21.5.tgz#675b7385398411240735016144ab2e99a60fc75d"
  integrity sha512-Z0gOTd75VvXqyq7nsl93zwahcTROgqvuAcYDUr+vOv8uHhNSKROyU961kgtCD1e95IqPKSQKH7tBTslnS3tA8A==

"@esbuild/win32-ia32@0.21.5":
  version "0.21.5"
  resolved "https://registry.yarnpkg.com/@esbuild/win32-ia32/-/win32-ia32-0.21.5.tgz#1bfc3ce98aa6ca9a0969e4d2af72144c59c1193b"
  integrity sha512-SWXFF1CL2RVNMaVs+BBClwtfZSvDgtL//G/smwAc5oVK/UPu2Gu9tIaRgFmYFFKrmg3SyAjSrElf0TiJ1v8fYA==

"@esbuild/win32-x64@0.21.5":
  version "0.21.5"
  resolved "https://registry.yarnpkg.com/@esbuild/win32-x64/-/win32-x64-0.21.5.tgz#acad351d582d157bb145535db2a6ff53dd514b5c"
  integrity sha512-tQd/1efJuzPC6rCFwEvLtci/xNFcTZknmXs98FYDfGE4wP9ClFV98nyKrzJKVPMhdDnjzLhdUyMX4PsQAPjwIw==

"@inquirer/ansi@^1.0.2":
  version "1.0.2"
  resolved "https://registry.yarnpkg.com/@inquirer/ansi/-/ansi-1.0.2.tgz#674a4c4d81ad460695cb2a1fc69d78cd187f337e"
  integrity sha512-S8qNSZiYzFd0wAcyG5AXCvUHC5Sr7xpZ9wZ2py9XR88jUz8wooStVx5M6dRzczbBWjic9NP7+rY0Xi7qqK/aMQ==

"@inquirer/checkbox@^4.3.2":
  version "4.3.2"
  resolved "https://registry.yarnpkg.com/@inquirer/checkbox/-/checkbox-4.3.2.tgz#e1483e6519d6ffef97281a54d2a5baa0d81b3f3b"
  integrity sha512-VXukHf0RR1doGe6Sm4F0Em7SWYLTHSsbGfJdS9Ja2bX5/D5uwVOEjr07cncLROdBvmnvCATYEWlHqYmXv2IlQA==
  dependencies:
    "@inquirer/ansi" "^1.0.2"
    "@inquirer/core" "^10.3.2"
    "@inquirer/figures" "^1.0.15"
    "@inquirer/type" "^3.0.10"
    yoctocolors-cjs "^2.1.3"

"@inquirer/confirm@^5.1.21":
  version "5.1.21"
  resolved "https://registry.yarnpkg.com/@inquirer/confirm/-/confirm-5.1.21.tgz#610c4acd7797d94890a6e2dde2c98eb1e891dd12"
  integrity sha512-KR8edRkIsUayMXV+o3Gv+q4jlhENF9nMYUZs9PA2HzrXeHI8M5uDag70U7RJn9yyiMZSbtF5/UexBtAVtZGSbQ==
  dependencies:
    "@inquirer/core" "^10.3.2"
    "@inquirer/type" "^3.0.10"

"@inquirer/core@^10.3.2":
  version "10.3.2"
  resolved "https://registry.yarnpkg.com/@inquirer/core/-/core-10.3.2.tgz#535979ff3ff4fe1e7cc4f83e2320504c743b7e20"
  integrity sha512-43RTuEbfP8MbKzedNqBrlhhNKVwoK//vUFNW3Q3vZ88BLcrs4kYpGg+B2mm5p2K/HfygoCxuKwJJiv8PbGmE0A==
  dependencies:
    "@inquirer/ansi" "^1.0.2"
    "@inquirer/figures" "^1.0.15"
    "@inquirer/type" "^3.0.10"
    cli-width "^4.1.0"
    mute-stream "^2.0.0"
    signal-exit "^4.1.0"
    wrap-ansi "^6.2.0"
    yoctocolors-cjs "^2.1.3"

"@inquirer/editor@^4.2.23":
  version "4.2.23"
  resolved "https://registry.yarnpkg.com/@inquirer/editor/-/editor-4.2.23.tgz#fe046a3bfdae931262de98c1052437d794322e0b"
  integrity sha512-aLSROkEwirotxZ1pBaP8tugXRFCxW94gwrQLxXfrZsKkfjOYC1aRvAZuhpJOb5cu4IBTJdsCigUlf2iCOu4ZDQ==
  dependencies:
    "@inquirer/core" "^10.3.2"
    "@inquirer/external-editor" "^1.0.3"
    "@inquirer/type" "^3.0.10"

"@inquirer/expand@^4.0.23":
  version "4.0.23"
  resolved "https://registry.yarnpkg.com/@inquirer/expand/-/expand-4.0.23.tgz#a38b5f32226d75717c370bdfed792313b92bdc05"
  integrity sha512-nRzdOyFYnpeYTTR2qFwEVmIWypzdAx/sIkCMeTNTcflFOovfqUk+HcFhQQVBftAh9gmGrpFj6QcGEqrDMDOiew==
  dependencies:
    "@inquirer/core" "^10.3.2"
    "@inquirer/type" "^3.0.10"
    yoctocolors-cjs "^2.1.3"

"@inquirer/external-editor@^1.0.3":
  version "1.0.3"
  resolved "https://registry.yarnpkg.com/@inquirer/external-editor/-/external-editor-1.0.3.tgz#c23988291ee676290fdab3fd306e64010a6d13b8"
  integrity sha512-RWbSrDiYmO4LbejWY7ttpxczuwQyZLBUyygsA9Nsv95hpzUWwnNTVQmAq3xuh7vNwCp07UTmE5i11XAEExx4RA==
  dependencies:
    chardet "^2.1.1"
    iconv-lite "^0.7.0"

"@inquirer/figures@^1.0.15":
  version "1.0.15"
  resolved "https://registry.yarnpkg.com/@inquirer/figures/-/figures-1.0.15.tgz#dbb49ed80df11df74268023b496ac5d9acd22b3a"
  integrity sha512-t2IEY+unGHOzAaVM5Xx6DEWKeXlDDcNPeDyUpsRc6CUhBfU3VQOEl+Vssh7VNp1dR8MdUJBWhuObjXCsVpjN5g==

"@inquirer/input@^4.3.1":
  version "4.3.1"
  resolved "https://registry.yarnpkg.com/@inquirer/input/-/input-4.3.1.tgz#778683b4c4c4d95d05d4b05c4a854964b73565b4"
  integrity sha512-kN0pAM4yPrLjJ1XJBjDxyfDduXOuQHrBB8aLDMueuwUGn+vNpF7Gq7TvyVxx8u4SHlFFj4trmj+a2cbpG4Jn1g==
  dependencies:
    "@inquirer/core" "^10.3.2"
    "@inquirer/type" "^3.0.10"

"@inquirer/number@^3.0.23":
  version "3.0.23"
  resolved "https://registry.yarnpkg.com/@inquirer/number/-/number-3.0.23.tgz#3fdec2540d642093fd7526818fd8d4bdc7335094"
  integrity sha512-5Smv0OK7K0KUzUfYUXDXQc9jrf8OHo4ktlEayFlelCjwMXz0299Y8OrI+lj7i4gCBY15UObk76q0QtxjzFcFcg==
  dependencies:
    "@inquirer/core" "^10.3.2"
    "@inquirer/type" "^3.0.10"

"@inquirer/password@^4.0.23":
  version "4.0.23"
  resolved "https://registry.yarnpkg.com/@inquirer/password/-/password-4.0.23.tgz#b9f5187c8c92fd7aa9eceb9d8f2ead0d7e7b000d"
  integrity sha512-zREJHjhT5vJBMZX/IUbyI9zVtVfOLiTO66MrF/3GFZYZ7T4YILW5MSkEYHceSii/KtRk+4i3RE7E1CUXA2jHcA==
  dependencies:
    "@inquirer/ansi" "^1.0.2"
    "@inquirer/core" "^10.3.2"
    "@inquirer/type" "^3.0.10"

"@inquirer/prompts@^7.10.1":
  version "7.10.1"
  resolved "https://registry.yarnpkg.com/@inquirer/prompts/-/prompts-7.10.1.tgz#e1436c0484cf04c22548c74e2cd239e989d5f847"
  integrity sha512-Dx/y9bCQcXLI5ooQ5KyvA4FTgeo2jYj/7plWfV5Ak5wDPKQZgudKez2ixyfz7tKXzcJciTxqLeK7R9HItwiByg==
  dependencies:
    "@inquirer/checkbox" "^4.3.2"
    "@inquirer/confirm" "^5.1.21"
    "@inquirer/editor" "^4.2.23"
    "@inquirer/expand" "^4.0.23"
    "@inquirer/input" "^4.3.1"
    "@inquirer/number" "^3.0.23"
    "@inquirer/password" "^4.0.23"
    "@inquirer/rawlist" "^4.1.11"
    "@inquirer/search" "^3.2.2"
    "@inquirer/select" "^4.4.2"

"@inquirer/rawlist@^4.1.11":
  version "4.1.11"
  resolved "https://registry.yarnpkg.com/@inquirer/rawlist/-/rawlist-4.1.11.tgz#313c8c3ffccb7d41e990c606465726b4a898a033"
  integrity sha512-+LLQB8XGr3I5LZN/GuAHo+GpDJegQwuPARLChlMICNdwW7OwV2izlCSCxN6cqpL0sMXmbKbFcItJgdQq5EBXTw==
  dependencies:
    "@inquirer/core" "^10.3.2"
    "@inquirer/type" "^3.0.10"
    yoctocolors-cjs "^2.1.3"

"@inquirer/search@^3.2.2":
  version "3.2.2"
  resolved "https://registry.yarnpkg.com/@inquirer/search/-/search-3.2.2.tgz#4cc6fd574dcd434e4399badc37c742c3fd534ac8"
  integrity sha512-p2bvRfENXCZdWF/U2BXvnSI9h+tuA8iNqtUKb9UWbmLYCRQxd8WkvwWvYn+3NgYaNwdUkHytJMGG4MMLucI1kA==
  dependencies:
    "@inquirer/core" "^10.3.2"
    "@inquirer/figures" "^1.0.15"
    "@inquirer/type" "^3.0.10"
    yoctocolors-cjs "^2.1.3"

"@inquirer/select@^4.4.2":
  version "4.4.2"
  resolved "https://registry.yarnpkg.com/@inquirer/select/-/select-4.4.2.tgz#2ac8fca960913f18f1d1b35323ed8fcd27d89323"
  integrity sha512-l4xMuJo55MAe+N7Qr4rX90vypFwCajSakx59qe/tMaC1aEHWLyw68wF4o0A4SLAY4E0nd+Vt+EyskeDIqu1M6w==
  dependencies:
    "@inquirer/ansi" "^1.0.2"
    "@inquirer/core" "^10.3.2"
    "@inquirer/figures" "^1.0.15"
    "@inquirer/type" "^3.0.10"
    yoctocolors-cjs "^2.1.3"

"@inquirer/type@^3.0.10":
  version "3.0.10"
  resolved "https://registry.yarnpkg.com/@inquirer/type/-/type-3.0.10.tgz#11ed564ec78432a200ea2601a212d24af8150d50"
  integrity sha512-BvziSRxfz5Ov8ch0z/n3oijRSEcEsHnhggm4xFZe93DHcUCTlutlq9Ox4SVENAfcRD22UQq7T/atg9Wr3k09eA==

"@rollup/rollup-android-arm-eabi@4.60.1":
  version "4.60.1"
  resolved "https://registry.yarnpkg.com/@rollup/rollup-android-arm-eabi/-/rollup-android-arm-eabi-4.60.1.tgz#043f145716234529052ef9e1ce1d847ffbe9e674"
  integrity sha512-d6FinEBLdIiK+1uACUttJKfgZREXrF0Qc2SmLII7W2AD8FfiZ9Wjd+rD/iRuf5s5dWrr1GgwXCvPqOuDquOowA==

"@rollup/rollup-android-arm64@4.60.1":
  version "4.60.1"
  resolved "https://registry.yarnpkg.com/@rollup/rollup-android-arm64/-/rollup-android-arm64-4.60.1.tgz#023e1bd146e7519087dfd9e8b29e4cf9f8ecd35c"
  integrity sha512-YjG/EwIDvvYI1YvYbHvDz/BYHtkY4ygUIXHnTdLhG+hKIQFBiosfWiACWortsKPKU/+dUwQQCKQM3qrDe8c9BA==

"@rollup/rollup-darwin-arm64@4.60.1":
  version "4.60.1"
  resolved "https://registry.yarnpkg.com/@rollup/rollup-darwin-arm64/-/rollup-darwin-arm64-4.60.1.tgz#55ccb5487c02419954c57a7a80602885d616e1ee"
  integrity sha512-mjCpF7GmkRtSJwon+Rq1N8+pI+8l7w5g9Z3vWj4T7abguC4Czwi3Yu/pFaLvA3TTeMVjnu3ctigusqWUfjZzvw==

"@rollup/rollup-darwin-x64@4.60.1":
  version "4.60.1"
  resolved "https://registry.yarnpkg.com/@rollup/rollup-darwin-x64/-/rollup-darwin-x64-4.60.1.tgz#254b65404b14488c83225e88b8819376ad71a784"
  integrity sha512-haZ7hJ1JT4e9hqkoT9R/19XW2QKqjfJVv+i5AGg57S+nLk9lQnJ1F/eZloRO3o9Scy9CM3wQ9l+dkXtcBgN5Ew==

"@rollup/rollup-freebsd-arm64@4.60.1":
  version "4.60.1"
  resolved "https://registry.yarnpkg.com/@rollup/rollup-freebsd-arm64/-/rollup-freebsd-arm64-4.60.1.tgz#6377ff38c052c76fcaffb7b2728d3172fe676fe6"
  integrity sha512-czw90wpQq3ZsAVBlinZjAYTKduOjTywlG7fEeWKUA7oCmpA8xdTkxZZlwNJKWqILlq0wehoZcJYfBvOyhPTQ6w==

"@rollup/rollup-freebsd-x64@4.60.1":
  version "4.60.1"
  resolved "https://registry.yarnpkg.com/@rollup/rollup-freebsd-x64/-/rollup-freebsd-x64-4.60.1.tgz#ba3902309d088eaf7139b916f09b7140b28b406d"
  integrity sha512-KVB2rqsxTHuBtfOeySEyzEOB7ltlB/ux38iu2rBQzkjbwRVlkhAGIEDiiYnO2kFOkJp+Z7pUXKyrRRFuFUKt+g==

"@rollup/rollup-linux-arm-gnueabihf@4.60.1":
  version "4.60.1"
  resolved "https://registry.yarnpkg.com/@rollup/rollup-linux-arm-gnueabihf/-/rollup-linux-arm-gnueabihf-4.60.1.tgz#e011b9a14638267e53b446286e838dbdaf53f167"
  integrity sha512-L+34Qqil+v5uC0zEubW7uByo78WOCIrBvci69E7sFASRl0X7b/MB6Cqd1lky/CtcSVTydWa2WZwFuWexjS5o6g==

"@rollup/rollup-linux-arm-musleabihf@4.60.1":
  version "4.60.1"
  resolved "https://registry.yarnpkg.com/@rollup/rollup-linux-arm-musleabihf/-/rollup-linux-arm-musleabihf-4.60.1.tgz#0bce9ce9a009490abd28fd922dd97ed521311afe"
  integrity sha512-n83O8rt4v34hgFzlkb1ycniJh7IR5RCIqt6mz1VRJD6pmhRi0CXdmfnLu9dIUS6buzh60IvACM842Ffb3xd6Gg==

"@rollup/rollup-linux-arm64-gnu@4.60.1":
  version "4.60.1"
  resolved "https://registry.yarnpkg.com/@rollup/rollup-linux-arm64-gnu/-/rollup-linux-arm64-gnu-4.60.1.tgz#6f6cfbbf324fbb4ceff213abdf7f322fd45d25ff"
  integrity sha512-Nql7sTeAzhTAja3QXeAI48+/+GjBJ+QmAH13snn0AJSNL50JsDqotyudHyMbO2RbJkskbMbFJfIJKWA6R1LCJQ==

"@rollup/rollup-linux-arm64-musl@4.60.1":
  version "4.60.1"
  resolved "https://registry.yarnpkg.com/@rollup/rollup-linux-arm64-musl/-/rollup-linux-arm64-musl-4.60.1.tgz#f7cb3eecaea9c151ef77342af05f38ae924bf795"
  integrity sha512-+pUymDhd0ys9GcKZPPWlFiZ67sTWV5UU6zOJat02M1+PiuSGDziyRuI/pPue3hoUwm2uGfxdL+trT6Z9rxnlMA==

"@rollup/rollup-linux-loong64-gnu@4.60.1":
  version "4.60.1"
  resolved "https://registry.yarnpkg.com/@rollup/rollup-linux-loong64-gnu/-/rollup-linux-loong64-gnu-4.60.1.tgz#499bfac6bb669fd88bb664357bf6be996a28b92f"
  integrity sha512-VSvgvQeIcsEvY4bKDHEDWcpW4Yw7BtlKG1GUT4FzBUlEKQK0rWHYBqQt6Fm2taXS+1bXvJT6kICu5ZwqKCnvlQ==

"@rollup/rollup-linux-loong64-musl@4.60.1":
  version "4.60.1"
  resolved "https://registry.yarnpkg.com/@rollup/rollup-linux-loong64-musl/-/rollup-linux-loong64-musl-4.60.1.tgz#127dfac08764764396bbe04453c545d38a3ab518"
  integrity sha512-4LqhUomJqwe641gsPp6xLfhqWMbQV04KtPp7/dIp0nzPxAkNY1AbwL5W0MQpcalLYk07vaW9Kp1PBhdpZYYcEw==

"@rollup/rollup-linux-ppc64-gnu@4.60.1":
  version "4.60.1"
  resolved "https://registry.yarnpkg.com/@rollup/rollup-linux-ppc64-gnu/-/rollup-linux-ppc64-gnu-4.60.1.tgz#6a72f4d95852aac18326c5bf708393e8f3a41b70"
  integrity sha512-tLQQ9aPvkBxOc/EUT6j3pyeMD6Hb8QF2BTBnCQWP/uu1lhc9AIrIjKnLYMEroIz/JvtGYgI9dF3AxHZNaEH0rw==

"@rollup/rollup-linux-ppc64-musl@4.60.1":
  version "4.60.1"
  resolved "https://registry.yarnpkg.com/@rollup/rollup-linux-ppc64-musl/-/rollup-linux-ppc64-musl-4.60.1.tgz#ba8674666b00d6f9066cb9a5771a8430c34d2de6"
  integrity sha512-RMxFhJwc9fSXP6PqmAz4cbv3kAyvD1etJFjTx4ONqFP9DkTkXsAMU4v3Vyc5BgzC+anz7nS/9tp4obsKfqkDHg==

"@rollup/rollup-linux-riscv64-gnu@4.60.1":
  version "4.60.1"
  resolved "https://registry.yarnpkg.com/@rollup/rollup-linux-riscv64-gnu/-/rollup-linux-riscv64-gnu-4.60.1.tgz#17cc38b2a71e302547cad29bcf78d0db2618c922"
  integrity sha512-QKgFl+Yc1eEk6MmOBfRHYF6lTxiiiV3/z/BRrbSiW2I7AFTXoBFvdMEyglohPj//2mZS4hDOqeB0H1ACh3sBbg==

"@rollup/rollup-linux-riscv64-musl@4.60.1":
  version "4.60.1"
  resolved "https://registry.yarnpkg.com/@rollup/rollup-linux-riscv64-musl/-/rollup-linux-riscv64-musl-4.60.1.tgz#e36a41e2d8bd247331bd5cfc13b8c951d33454a2"
  integrity sha512-RAjXjP/8c6ZtzatZcA1RaQr6O1TRhzC+adn8YZDnChliZHviqIjmvFwHcxi4JKPSDAt6Uhf/7vqcBzQJy0PDJg==

"@rollup/rollup-linux-s390x-gnu@4.60.1":
  version "4.60.1"
  resolved "https://registry.yarnpkg.com/@rollup/rollup-linux-s390x-gnu/-/rollup-linux-s390x-gnu-4.60.1.tgz#1687265f1f4bdea0726c761a58c2db9933609d68"
  integrity sha512-wcuocpaOlaL1COBYiA89O6yfjlp3RwKDeTIA0hM7OpmhR1Bjo9j31G1uQVpDlTvwxGn2nQs65fBFL5UFd76FcQ==

"@rollup/rollup-linux-x64-gnu@4.60.1":
  version "4.60.1"
  resolved "https://registry.yarnpkg.com/@rollup/rollup-linux-x64-gnu/-/rollup-linux-x64-gnu-4.60.1.tgz#56a6a0d9076f2a05a976031493b24a20ddcc0e77"
  integrity sha512-77PpsFQUCOiZR9+LQEFg9GClyfkNXj1MP6wRnzYs0EeWbPcHs02AXu4xuUbM1zhwn3wqaizle3AEYg5aeoohhg==

"@rollup/rollup-linux-x64-musl@4.60.1":
  version "4.60.1"
  resolved "https://registry.yarnpkg.com/@rollup/rollup-linux-x64-musl/-/rollup-linux-x64-musl-4.60.1.tgz#bc240ebb5b9fd8d41ca8a80cb458452e8c187e0f"
  integrity sha512-5cIATbk5vynAjqqmyBjlciMJl1+R/CwX9oLk/EyiFXDWd95KpHdrOJT//rnUl4cUcskrd0jCCw3wpZnhIHdD9w==

"@rollup/rollup-openbsd-x64@4.60.1":
  version "4.60.1"
  resolved "https://registry.yarnpkg.com/@rollup/rollup-openbsd-x64/-/rollup-openbsd-x64-4.60.1.tgz#6f80d48a006c4b2ffa7724e95a3e33f6975872af"
  integrity sha512-cl0w09WsCi17mcmWqqglez9Gk8isgeWvoUZ3WiJFYSR3zjBQc2J5/ihSjpl+VLjPqjQ/1hJRcqBfLjssREQILw==

"@rollup/rollup-openharmony-arm64@4.60.1":
  version "4.60.1"
  resolved "https://registry.yarnpkg.com/@rollup/rollup-openharmony-arm64/-/rollup-openharmony-arm64-4.60.1.tgz#8f6db6f70d0a48abd833b263cd6dd3e7199c4c0e"
  integrity sha512-4Cv23ZrONRbNtbZa37mLSueXUCtN7MXccChtKpUnQNgF010rjrjfHx3QxkS2PI7LqGT5xXyYs1a7LbzAwT0iCA==

"@rollup/rollup-win32-arm64-msvc@4.60.1":
  version "4.60.1"
  resolved "https://registry.yarnpkg.com/@rollup/rollup-win32-arm64-msvc/-/rollup-win32-arm64-msvc-4.60.1.tgz#b68989bfa815d0b3d4e302ecd90bda744438b177"
  integrity sha512-i1okWYkA4FJICtr7KpYzFpRTHgy5jdDbZiWfvny21iIKky5YExiDXP+zbXzm3dUcFpkEeYNHgQ5fuG236JPq0g==

"@rollup/rollup-win32-ia32-msvc@4.60.1":
  version "4.60.1"
  resolved "https://registry.yarnpkg.com/@rollup/rollup-win32-ia32-msvc/-/rollup-win32-ia32-msvc-4.60.1.tgz#c098e45338c50f22f1b288476354f025b746285b"
  integrity sha512-u09m3CuwLzShA0EYKMNiFgcjjzwqtUMLmuCJLeZWjjOYA3IT2Di09KaxGBTP9xVztWyIWjVdsB2E9goMjZvTQg==

"@rollup/rollup-win32-x64-gnu@4.60.1":
  version "4.60.1"
  resolved "https://registry.yarnpkg.com/@rollup/rollup-win32-x64-gnu/-/rollup-win32-x64-gnu-4.60.1.tgz#2c9e15be155b79d05999953b1737b2903842e903"
  integrity sha512-k+600V9Zl1CM7eZxJgMyTUzmrmhB/0XZnF4pRypKAlAgxmedUA+1v9R+XOFv56W4SlHEzfeMtzujLJD22Uz5zg==

"@rollup/rollup-win32-x64-msvc@4.60.1":
  version "4.60.1"
  resolved "https://registry.yarnpkg.com/@rollup/rollup-win32-x64-msvc/-/rollup-win32-x64-msvc-4.60.1.tgz#23b860113e9f87eea015d1fa3a4240a52b42fcd4"
  integrity sha512-lWMnixq/QzxyhTV6NjQJ4SFo1J6PvOX8vUx5Wb4bBPsEb+8xZ89Bz6kOXpfXj9ak9AHTQVQzlgzBEc1SyM27xQ==

"@types/estree@1.0.8":
  version "1.0.8"
  resolved "https://registry.yarnpkg.com/@types/estree/-/estree-1.0.8.tgz#958b91c991b1867ced318bedea0e215ee050726e"
  integrity sha512-dWHzHa2WqEXI/O1E9OjrocMTKJl2mSrEolh1Iomrv6U+JuNwaHXsXx9bLu5gG7BUWFIN0skIQJQ/L1rIex4X6w==

ajv@^8.0.1:
  version "8.18.0"
  resolved "https://registry.yarnpkg.com/ajv/-/ajv-8.18.0.tgz#8864186b6738d003eb3a933172bb3833e10cefbc"
  integrity sha512-PlXPeEWMXMZ7sPYOHqmDyCJzcfNrUr3fGNKtezX14ykXOEIvyK81d+qydx89KY5O71FKMPaQ2vBfBFI5NHR63A==
  dependencies:
    fast-deep-equal "^3.1.3"
    fast-uri "^3.0.1"
    json-schema-traverse "^1.0.0"
    require-from-string "^2.0.2"

ansi-regex@^5.0.1:
  version "5.0.1"
  resolved "https://registry.yarnpkg.com/ansi-regex/-/ansi-regex-5.0.1.tgz#082cb2c89c9fe8659a311a53bd6a4dc5301db304"
  integrity sha512-quJQXlTSUGL2LH9SUXo8VwsY4soanhgo6LNSm84E1LBcE8s3O0wpdiRzyR9z/ZZJMlMWv37qOOb9pdJlMUEKFQ==

ansi-styles@^4.0.0:
  version "4.3.0"
  resolved "https://registry.yarnpkg.com/ansi-styles/-/ansi-styles-4.3.0.tgz#edd803628ae71c04c85ae7a0906edad34b648937"
  integrity sha512-zbB9rCJAT1rbjiVDb2hqKFHNYLxgtk8NURxZ3IZwD3F6NtxbXZQCnnSi1Lkx+IDohdPlFp222wVALIheZJQSEg==
  dependencies:
    color-convert "^2.0.1"

astral-regex@^2.0.0:
  version "2.0.0"
  resolved "https://registry.yarnpkg.com/astral-regex/-/astral-regex-2.0.0.tgz#483143c567aeed4785759c0865786dc77d7d2e31"
  integrity sha512-Z7tMw1ytTXt5jqMcOP+OQteU1VuNK9Y02uuJtKQ1Sv69jXQKKg5cibLwGJow8yzZP+eAc18EmLGPal0bp36rvQ==

chalk@^5.6.2:
  version "5.6.2"
  resolved "https://registry.yarnpkg.com/chalk/-/chalk-5.6.2.tgz#b1238b6e23ea337af71c7f8a295db5af0c158aea"
  integrity sha512-7NzBL0rN6fMUW+f7A6Io4h40qQlG+xGmtMxfbnH/K7TAtt8JQWVQK+6g0UXKMeVJoyV5EkkNsErQ8pVD3bLHbA==

chardet@^2.1.1:
  version "2.1.1"
  resolved "https://registry.yarnpkg.com/chardet/-/chardet-2.1.1.tgz#5c75593704a642f71ee53717df234031e65373c8"
  integrity sha512-PsezH1rqdV9VvyNhxxOW32/d75r01NY7TQCmOqomRo15ZSOKbpTFVsfjghxo6JloQUCGnH4k1LGu0R4yCLlWQQ==

cli-width@^4.1.0:
  version "4.1.0"
  resolved "https://registry.yarnpkg.com/cli-width/-/cli-width-4.1.0.tgz#42daac41d3c254ef38ad8ac037672130173691c5"
  integrity sha512-ouuZd4/dm2Sw5Gmqy6bGyNNNe1qt9RpmxveLSO7KcgsTnU7RXfsw+/bukWGo1abgBiMAic068rclZsO4IWmmxQ==

color-convert@^2.0.1:
  version "2.0.1"
  resolved "https://registry.yarnpkg.com/color-convert/-/color-convert-2.0.1.tgz#72d3a68d598c9bdb3af2ad1e84f21d896abd4de3"
  integrity sha512-RRECPsj7iu/xb5oKYcsFHSppFNnsj/52OVTRKb4zP5onXwVF3zVmmToNcOfGC+CRDpfK/U584fMg38ZHCaElKQ==
  dependencies:
    color-name "~1.1.4"

color-name@~1.1.4:
  version "1.1.4"
  resolved "https://registry.yarnpkg.com/color-name/-/color-name-1.1.4.tgz#c2a09a87acbde69543de6f63fa3995c826c536a2"
  integrity sha512-dOy+3AuW3a2wNbZHIuMZpTcgjGuLU/uBL/ubcZF9OXbDo8ff4O8yVp5Bf0efS8uEoYo5q4Fx7dY9OgQGXgAsQA==

commander@^14.0.2:
  version "14.0.3"
  resolved "https://registry.yarnpkg.com/commander/-/commander-14.0.3.tgz#425d79b48f9af82fcd9e4fc1ea8af6c5ec07bbc2"
  integrity sha512-H+y0Jo/T1RZ9qPP4Eh1pkcQcLRglraJaSLoyOtHxu6AapkjWVCy2Sit1QQ4x3Dng8qDlSsZEet7g5Pq06MvTgw==

emoji-regex@^8.0.0:
  version "8.0.0"
  resolved "https://registry.yarnpkg.com/emoji-regex/-/emoji-regex-8.0.0.tgz#e818fd69ce5ccfcb404594f842963bf53164cc37"
  integrity sha512-MSjYzcWNOA0ewAHpz0MxpYFvwg6yjy1NG3xteoqz644VCo/RPgnr1/GGt+ic3iJTzQ8Eu3TdM14SawnVUmGE6A==

esbuild@^0.21.3:
  version "0.21.5"
  resolved "https://registry.yarnpkg.com/esbuild/-/esbuild-0.21.5.tgz#9ca301b120922959b766360d8ac830da0d02997d"
  integrity sha512-mg3OPMV4hXywwpoDxu3Qda5xCKQi+vCTZq8S9J/EpkhB2HzKXq4SNFZE3+NK93JYxc8VMSep+lOUSC/RVKaBqw==
  optionalDependencies:
    "@esbuild/aix-ppc64" "0.21.5"
    "@esbuild/android-arm" "0.21.5"
    "@esbuild/android-arm64" "0.21.5"
    "@esbuild/android-x64" "0.21.5"
    "@esbuild/darwin-arm64" "0.21.5"
    "@esbuild/darwin-x64" "0.21.5"
    "@esbuild/freebsd-arm64" "0.21.5"
    "@esbuild/freebsd-x64" "0.21.5"
    "@esbuild/linux-arm" "0.21.5"
    "@esbuild/linux-arm64" "0.21.5"
    "@esbuild/linux-ia32" "0.21.5"
    "@esbuild/linux-loong64" "0.21.5"
    "@esbuild/linux-mips64el" "0.21.5"
    "@esbuild/linux-ppc64" "0.21.5"
    "@esbuild/linux-riscv64" "0.21.5"
    "@esbuild/linux-s390x" "0.21.5"
    "@esbuild/linux-x64" "0.21.5"
    "@esbuild/netbsd-x64" "0.21.5"
    "@esbuild/openbsd-x64" "0.21.5"
    "@esbuild/sunos-x64" "0.21.5"
    "@esbuild/win32-arm64" "0.21.5"
    "@esbuild/win32-ia32" "0.21.5"
    "@esbuild/win32-x64" "0.21.5"

fast-deep-equal@^3.1.3:
  version "3.1.3"
  resolved "https://registry.yarnpkg.com/fast-deep-equal/-/fast-deep-equal-3.1.3.tgz#3a7d56b559d6cbc3eb512325244e619a65c6c525"
  integrity sha512-f3qQ9oQy9j2AhBe/H9VC91wLmKBCCU/gDOnKNAYG5hswO7BLKj09Hc5HYNz9cGI++xlpDCIgDaitVs03ATR84Q==

fast-uri@^3.0.1:
  version "3.1.0"
  resolved "https://registry.yarnpkg.com/fast-uri/-/fast-uri-3.1.0.tgz#66eecff6c764c0df9b762e62ca7edcfb53b4edfa"
  integrity sha512-iPeeDKJSWf4IEOasVVrknXpaBV0IApz/gp7S2bb7Z4Lljbl2MGJRqInZiUrQwV16cpzw/D3S5j5Julj/gT52AA==

fsevents@~2.3.2, fsevents@~2.3.3:
  version "2.3.3"
  resolved "https://registry.yarnpkg.com/fsevents/-/fsevents-2.3.3.tgz#cac6407785d03675a2a5e1a5305c697b347d90d6"
  integrity sha512-5xoDfX+fL7faATnagmWPpbFtwh/R77WmMMqqHGS65C3vvB0YHrgF+B1YmZ3441tMj5n63k0212XNoJwzlhffQw==

iconv-lite@^0.7.0:
  version "0.7.2"
  resolved "https://registry.yarnpkg.com/iconv-lite/-/iconv-lite-0.7.2.tgz#d0bdeac3f12b4835b7359c2ad89c422a4d1cc72e"
  integrity sha512-im9DjEDQ55s9fL4EYzOAv0yMqmMBSZp6G0VvFyTMPKWxiSBHUj9NW/qqLmXUwXrrM7AvqSlTCfvqRb0cM8yYqw==
  dependencies:
    safer-buffer ">= 2.1.2 < 3.0.0"

inquirer@^12.0.0:
  version "12.11.1"
  resolved "https://registry.yarnpkg.com/inquirer/-/inquirer-12.11.1.tgz#3f5770b9ec926b0909e463e42c766f2664f2cc96"
  integrity sha512-9VF7mrY+3OmsAfjH3yKz/pLbJ5z22E23hENKw3/LNSaA/sAt3v49bDRY+Ygct1xwuKT+U+cBfTzjCPySna69Qw==
  dependencies:
    "@inquirer/ansi" "^1.0.2"
    "@inquirer/core" "^10.3.2"
    "@inquirer/prompts" "^7.10.1"
    "@inquirer/type" "^3.0.10"
    mute-stream "^2.0.0"
    run-async "^4.0.6"
    rxjs "^7.8.2"

is-fullwidth-code-point@^3.0.0:
  version "3.0.0"
  resolved "https://registry.yarnpkg.com/is-fullwidth-code-point/-/is-fullwidth-code-point-3.0.0.tgz#f116f8064fe90b3f7844a38997c0b75051269f1d"
  integrity sha512-zymm5+u+sCsSWyD9qNaejV3DFvhCKclKdizYaJUuHA83RLjb7nSuGnddCHGv0hk+KY7BMAlsWeK4Ueg6EV6XQg==

json-schema-traverse@^1.0.0:
  version "1.0.0"
  resolved "https://registry.yarnpkg.com/json-schema-traverse/-/json-schema-traverse-1.0.0.tgz#ae7bcb3656ab77a73ba5c49bf654f38e6b6860e2"
  integrity sha512-NM8/P9n3XjXhIZn1lLhkFaACTOURQXjWhV4BA/RnOv8xvgqtqpAX9IO4mRQxSx1Rlo4tqzeqb0sOlruaOy3dug==

lodash.truncate@^4.4.2:
  version "4.4.2"
  resolved "https://registry.yarnpkg.com/lodash.truncate/-/lodash.truncate-4.4.2.tgz#5a350da0b1113b837ecfffd5812cbe58d6eae193"
  integrity sha512-jttmRe7bRse52OsWIMDLaXxWqRAmtIUccAQ3garviCqJjafXOfNMO0yMfNpdD6zbGaTU0P5Nz7e7gAT6cKmJRw==

mute-stream@^2.0.0:
  version "2.0.0"
  resolved "https://registry.yarnpkg.com/mute-stream/-/mute-stream-2.0.0.tgz#a5446fc0c512b71c83c44d908d5c7b7b4c493b2b"
  integrity sha512-WWdIxpyjEn+FhQJQQv9aQAYlHoNVdzIzUySNV1gHUPDSdZJ3yZn7pAAbQcV7B56Mvu881q9FZV+0Vx2xC44VWA==

nanoid@^3.3.11:
  version "3.3.11"
  resolved "https://registry.yarnpkg.com/nanoid/-/nanoid-3.3.11.tgz#4f4f112cefbe303202f2199838128936266d185b"
  integrity sha512-N8SpfPUnUp1bK+PMYW8qSWdl9U+wwNWI4QKxOYDy9JAro3WMX7p2OeVRF9v+347pnakNevPmiHhNmZ2HbFA76w==

picocolors@^1.1.1:
  version "1.1.1"
  resolved "https://registry.yarnpkg.com/picocolors/-/picocolors-1.1.1.tgz#3d321af3eab939b083c8f929a1d12cda81c26b6b"
  integrity sha512-xceH2snhtb5M9liqDsmEw56le376mTZkEX/jEb/RxNFyegNul7eNslCXP9FDj/Lcu0X8KEyMceP2ntpaHrDEVA==

postcss@^8.4.43:
  version "8.5.8"
  resolved "https://registry.yarnpkg.com/postcss/-/postcss-8.5.8.tgz#6230ecc8fb02e7a0f6982e53990937857e13f399"
  integrity sha512-OW/rX8O/jXnm82Ey1k44pObPtdblfiuWnrd8X7GJ7emImCOstunGbXUpp7HdBrFQX6rJzn3sPT397Wp5aCwCHg==
  dependencies:
    nanoid "^3.3.11"
    picocolors "^1.1.1"
    source-map-js "^1.2.1"

require-from-string@^2.0.2:
  version "2.0.2"
  resolved "https://registry.yarnpkg.com/require-from-string/-/require-from-string-2.0.2.tgz#89a7fdd938261267318eafe14f9c32e598c36909"
  integrity sha512-Xf0nWe6RseziFMu+Ap9biiUbmplq6S9/p+7w7YXP/JBHhrUDDUhwa+vANyubuqfZWTveU//DYVGsDG7RKL/vEw==

rollup@^4.20.0:
  version "4.60.1"
  resolved "https://registry.yarnpkg.com/rollup/-/rollup-4.60.1.tgz#b4aa2bcb3a5e1437b5fad40d43fe42d4bde7a42d"
  integrity sha512-VmtB2rFU/GroZ4oL8+ZqXgSA38O6GR8KSIvWmEFv63pQ0G6KaBH9s07PO8XTXP4vI+3UJUEypOfjkGfmSBBR0w==
  dependencies:
    "@types/estree" "1.0.8"
  optionalDependencies:
    "@rollup/rollup-android-arm-eabi" "4.60.1"
    "@rollup/rollup-android-arm64" "4.60.1"
    "@rollup/rollup-darwin-arm64" "4.60.1"
    "@rollup/rollup-darwin-x64" "4.60.1"
    "@rollup/rollup-freebsd-arm64" "4.60.1"
    "@rollup/rollup-freebsd-x64" "4.60.1"
    "@rollup/rollup-linux-arm-gnueabihf" "4.60.1"
    "@rollup/rollup-linux-arm-musleabihf" "4.60.1"
    "@rollup/rollup-linux-arm64-gnu" "4.60.1"
    "@rollup/rollup-linux-arm64-musl" "4.60.1"
    "@rollup/rollup-linux-loong64-gnu" "4.60.1"
    "@rollup/rollup-linux-loong64-musl" "4.60.1"
    "@rollup/rollup-linux-ppc64-gnu" "4.60.1"
    "@rollup/rollup-linux-ppc64-musl" "4.60.1"
    "@rollup/rollup-linux-riscv64-gnu" "4.60.1"
    "@rollup/rollup-linux-riscv64-musl" "4.60.1"
    "@rollup/rollup-linux-s390x-gnu" "4.60.1"
    "@rollup/rollup-linux-x64-gnu" "4.60.1"
    "@rollup/rollup-linux-x64-musl" "4.60.1"
    "@rollup/rollup-openbsd-x64" "4.60.1"
    "@rollup/rollup-openharmony-arm64" "4.60.1"
    "@rollup/rollup-win32-arm64-msvc" "4.60.1"
    "@rollup/rollup-win32-ia32-msvc" "4.60.1"
    "@rollup/rollup-win32-x64-gnu" "4.60.1"
    "@rollup/rollup-win32-x64-msvc" "4.60.1"
    fsevents "~2.3.2"

run-async@^4.0.6:
  version "4.0.6"
  resolved "https://registry.yarnpkg.com/run-async/-/run-async-4.0.6.tgz#d53b86acb71f42650fe23de2b3c1b6b6b34b9294"
  integrity sha512-IoDlSLTs3Yq593mb3ZoKWKXMNu3UpObxhgA/Xuid5p4bbfi2jdY1Hj0m1K+0/tEuQTxIGMhQDqGjKb7RuxGpAQ==

rxjs@^7.8.2:
  version "7.8.2"
  resolved "https://registry.yarnpkg.com/rxjs/-/rxjs-7.8.2.tgz#955bc473ed8af11a002a2be52071bf475638607b"
  integrity sha512-dhKf903U/PQZY6boNNtAGdWbG85WAbjT/1xYoZIC7FAY0yWapOBQVsVrDl58W86//e1VpMNBtRV4MaXfdMySFA==
  dependencies:
    tslib "^2.1.0"

"safer-buffer@>= 2.1.2 < 3.0.0":
  version "2.1.2"
  resolved "https://registry.yarnpkg.com/safer-buffer/-/safer-buffer-2.1.2.tgz#44fa161b0187b9549dd84bb91802f9bd8385cd6a"
  integrity sha512-YZo3K82SD7Riyi0E1EQPojLz7kpepnSQI9IyPbHHg1XXXevb5dJI7tpyN2ADxGcQbHG7vcyRHk0cbwqcQriUtg==

signal-exit@^4.1.0:
  version "4.1.0"
  resolved "https://registry.yarnpkg.com/signal-exit/-/signal-exit-4.1.0.tgz#952188c1cbd546070e2dd20d0f41c0ae0530cb04"
  integrity sha512-bzyZ1e88w9O1iNJbKnOlvYTrWPDl46O1bG0D3XInv+9tkPrxrN8jUUTiFlDkkmKWgn1M6CfIA13SuGqOa9Korw==

slice-ansi@^4.0.0:
  version "4.0.0"
  resolved "https://registry.yarnpkg.com/slice-ansi/-/slice-ansi-4.0.0.tgz#500e8dd0fd55b05815086255b3195adf2a45fe6b"
  integrity sha512-qMCMfhY040cVHT43K9BFygqYbUPFZKHOg7K73mtTWJRb8pyP3fzf4Ixd5SzdEJQ6MRUg/WBnOLxghZtKKurENQ==
  dependencies:
    ansi-styles "^4.0.0"
    astral-regex "^2.0.0"
    is-fullwidth-code-point "^3.0.0"

source-map-js@^1.2.1:
  version "1.2.1"
  resolved "https://registry.yarnpkg.com/source-map-js/-/source-map-js-1.2.1.tgz#1ce5650fddd87abc099eda37dcff024c2667ae46"
  integrity sha512-UXWMKhLOwVKb728IUtQPXxfYU+usdybtUrK/8uGE8CQMvrhOpwvzDBwj0QhSL7MQc7vIsISBG8VQ8+IDQxpfQA==

string-width@^4.1.0, string-width@^4.2.3:
  version "4.2.3"
  resolved "https://registry.yarnpkg.com/string-width/-/string-width-4.2.3.tgz#269c7117d27b05ad2e536830a8ec895ef9c6d010"
  integrity sha512-wKyQRQpjJ0sIp62ErSZdGsjMJWsap5oRNihHhu6G7JVO/9jIB6UyevL+tXuOqrng8j/cxKTWyWUwvSTriiZz/g==
  dependencies:
    emoji-regex "^8.0.0"
    is-fullwidth-code-point "^3.0.0"
    strip-ansi "^6.0.1"

strip-ansi@^6.0.0, strip-ansi@^6.0.1:
  version "6.0.1"
  resolved "https://registry.yarnpkg.com/strip-ansi/-/strip-ansi-6.0.1.tgz#9e26c63d30f53443e9489495b2105d37b67a85d9"
  integrity sha512-Y38VPSHcqkFrCpFnQ9vuSXmquuv5oXOKpGeT6aGrr3o3Gc9AlVa6JBfUSOCnbxGGZF+/0ooI7KrPuUSztUdU5A==
  dependencies:
    ansi-regex "^5.0.1"

table@^6.9.0:
  version "6.9.0"
  resolved "https://registry.yarnpkg.com/table/-/table-6.9.0.tgz#50040afa6264141c7566b3b81d4d82c47a8668f5"
  integrity sha512-9kY+CygyYM6j02t5YFHbNz2FN5QmYGv9zAjVp4lCDjlCw7amdckXlEt/bjMhUIfj4ThGRE4gCUH5+yGnNuPo5A==
  dependencies:
    ajv "^8.0.1"
    lodash.truncate "^4.4.2"
    slice-ansi "^4.0.0"
    string-width "^4.2.3"
    strip-ansi "^6.0.1"

tslib@^2.1.0:
  version "2.8.1"
  resolved "https://registry.yarnpkg.com/tslib/-/tslib-2.8.1.tgz#612efe4ed235d567e8aba5f2a5fab70280ade83f"
  integrity sha512-oJFu94HQb+KVduSUQL7wnpmqnfmLsOA/nAh6b6EH0wCEoK0/mPeXU6c3wKDV83MkOuHPRHtSXKKU99IBazS/2w==

typescript@^5.6.2:
  version "5.9.3"
  resolved "https://registry.yarnpkg.com/typescript/-/typescript-5.9.3.tgz#5b4f59e15310ab17a216f5d6cf53ee476ede670f"
  integrity sha512-jl1vZzPDinLr9eUt3J/t7V6FgNEw9QjvBPdysz9KfQDD41fQrC2Y4vKQdiaUpFT4bXlb1RHhLpp8wtm6M5TgSw==

vite-plugin-modular@../:
  version "0.0.4"
  dependencies:
    chalk "^5.6.2"
    commander "^14.0.2"
    inquirer "^12.0.0"
    table "^6.9.0"

vite@^5.4.8:
  version "5.4.21"
  resolved "https://registry.yarnpkg.com/vite/-/vite-5.4.21.tgz#84a4f7c5d860b071676d39ba513c0d598fdc7027"
  integrity sha512-o5a9xKjbtuhY6Bi5S3+HvbRERmouabWbyUcpXXUA1u+GNUKoROi9byOJ8M0nHbHYHkYICiMlqxkg1KkYmm25Sw==
  dependencies:
    esbuild "^0.21.3"
    postcss "^8.4.43"
    rollup "^4.20.0"
  optionalDependencies:
    fsevents "~2.3.3"

wrap-ansi@^6.2.0:
  version "6.2.0"
  resolved "https://registry.yarnpkg.com/wrap-ansi/-/wrap-ansi-6.2.0.tgz#e9393ba07102e6c91a3b221478f0257cd2856e53"
  integrity sha512-r6lPcBGxZXlIcymEu7InxDMhdW0KDxpLgoFLcguasxCaJ/SOIZwINatK9KY/tf+ZrlywOKU0UDj3ATXUBfxJXA==
  dependencies:
    ansi-styles "^4.0.0"
    string-width "^4.1.0"
    strip-ansi "^6.0.0"

yoctocolors-cjs@^2.1.3:
  version "2.1.3"
  resolved "https://registry.yarnpkg.com/yoctocolors-cjs/-/yoctocolors-cjs-2.1.3.tgz#7e4964ea8ec422b7a40ac917d3a344cfd2304baa"
  integrity sha512-U/PBtDf35ff0D8X8D0jfdzHYEPFxAI7jJlxZXwCSez5M3190m+QobIfh+sWDWSHMCWWJN2AWamkegn6vr6YBTw==
